# This file was autogenerated by Stack.
# You should not edit this file by hand.
# For more information, please see the documentation at:
#   https://docs.haskellstack.org/en/stable/lock_files

packages:
- completed:
    hackage: prettyprinter-1.7.0@sha256:6a9569e21fa61163a7f066d23d701e23e917893e8f39733d6e617ec72787ae5f,6007
    pantry-tree:
      size: 3194
      sha256: d22f820a1f63497f7fd7e1f04b7d356d92de35582258f6ad55428c88b09e63ff
  original:
    hackage: prettyprinter-1.7.0@sha256:6a9569e21fa61163a7f066d23d701e23e917893e8f39733d6e617ec72787ae5f,6007
snapshots:
- completed:
    size: 532414
    url: https://raw.githubusercontent.com/commercialhaskell/stackage-snapshots/master/lts/16/22.yaml
    sha256: e483fb88549fc0f454c190979bf35ac91c7aceff2c0e71e7d8edd11842d772d8
  original: lts-16.22
